
Microsoft Visual Studio Solution File, Format Version 12.00
# Visual Studio 15
Project("{FAE04EC0-301F-11D3-BF4B-00C04F79EFBC}") = "StrangeiosProject", "StrangeiosProject.csproj", "{317C01BB-7DF8-599F-45B6-AD641199911B}"
EndProject
Project("{FAE04EC0-301F-11D3-BF4B-00C04F79EFBC}") = "StrangeiosProject.Editor", "StrangeiosProject.Editor.csproj", "{7B693CEE-CC01-E76D-05E2-1156E556D1A2}"
EndProject
Global
	GlobalSection(SolutionConfigurationPlatforms) = preSolution
		Debug|Any CPU = Debug|Any CPU
		Release|Any CPU = Release|Any CPU
	EndGlobalSection
	GlobalSection(ProjectConfigurationPlatforms) = postSolution
		{317C01BB-7DF8-599F-45B6-AD641199911B}.Debug|Any CPU.ActiveCfg = Debug|Any CPU
		{317C01BB-7DF8-599F-45B6-AD641199911B}.Debug|Any CPU.Build.0 = Debug|Any CPU
		{317C01BB-7DF8-599F-45B6-AD641199911B}.Release|Any CPU.ActiveCfg = Release|Any CPU
		{317C01BB-7DF8-599F-45B6-AD641199911B}.Release|Any CPU.Build.0 = Release|Any CPU
		{7B693CEE-CC01-E76D-05E2-1156E556D1A2}.Debug|Any CPU.ActiveCfg = Debug|Any CPU
		{7B693CEE-CC01-E76D-05E2-1156E556D1A2}.Debug|Any CPU.Build.0 = Debug|Any CPU
		{7B693CEE-CC01-E76D-05E2-1156E556D1A2}.Release|Any CPU.ActiveCfg = Release|Any CPU
		{7B693CEE-CC01-E76D-05E2-1156E556D1A2}.Release|Any CPU.Build.0 = Release|Any CPU
	EndGlobalSection
	GlobalSection(SolutionProperties) = preSolution
		HideSolutionNode = FALSE
	EndGlobalSection
EndGlobal
